// !$*UTF8*$!
{
	archiveVersion = 1;
	classes = {
	};
	objectVersion = 56;
	objects = {

/* Begin PBXBuildFile section */
		1D057D7929B25F070008B295 /* main.cpp in Sources */ = {isa = PBXBuildFile; fileRef = 1D057D7829B25F070008B295 /* main.cpp */; };
		1D8EAB3C29B3B178008B6C82 /* main.cpp in Sources */ = {isa = PBXBuildFile; fileRef = 1D8EAB3B29B3B178008B6C82 /* main.cpp */; };
		1DB68B8029B11D2500BD3C53 /* main.cpp in Sources */ = {isa = PBXBuildFile; fileRef = 1DB68B7F29B11D2500BD3C53 /* main.cpp */; };
		1DB68B8D29B11DA800BD3C53 /* main.cpp in Sources */ = {isa = PBXBuildFile; fileRef = 1DB68B8C29B11DA800BD3C53 /* main.cpp */; };
/* End PBXBuildFile section */

/* Begin PBXCopyFilesBuildPhase section */
		1D057D7429B25F070008B295 /* CopyFiles */ = {
			isa = PBXCopyFilesBuildPhase;
			buildActionMask = 2147483647;
			dstPath = /usr/share/man/man1/;
			dstSubfolderSpec = 0;
			files = (
			);
			runOnlyForDeploymentPostprocessing = 1;
		};
		1D8EAB3729B3B178008B6C82 /* CopyFiles */ = {
			isa = PBXCopyFilesBuildPhase;
			buildActionMask = 2147483647;
			dstPath = /usr/share/man/man1/;
			dstSubfolderSpec = 0;
			files = (
			);
			runOnlyForDeploymentPostprocessing = 1;
		};
		1DB68B7A29B11D2500BD3C53 /* CopyFiles */ = {
			isa = PBXCopyFilesBuildPhase;
			buildActionMask = 2147483647;
			dstPath = /usr/share/man/man1/;
			dstSubfolderSpec = 0;
			files = (
			);
			runOnlyForDeploymentPostprocessing = 1;
		};
		1DB68B8829B11DA800BD3C53 /* CopyFiles */ = {
			isa = PBXCopyFilesBuildPhase;
			buildActionMask = 2147483647;
			dstPath = /usr/share/man/man1/;
			dstSubfolderSpec = 0;
			files = (
			);
			runOnlyForDeploymentPostprocessing = 1;
		};
/* End PBXCopyFilesBuildPhase section */

/* Begin PBXFileReference section */
		1D057D7629B25F070008B295 /* insertionSort */ = {isa = PBXFileReference; explicitFileType = "compiled.mach-o.executable"; includeInIndex = 0; path = insertionSort; sourceTree = BUILT_PRODUCTS_DIR; };
		1D057D7829B25F070008B295 /* main.cpp */ = {isa = PBXFileReference; lastKnownFileType = sourcecode.cpp.cpp; path = main.cpp; sourceTree = "<group>"; };
		1D8EAB3929B3B178008B6C82 /* SelectionSort */ = {isa = PBXFileReference; explicitFileType = "compiled.mach-o.executable"; includeInIndex = 0; path = SelectionSort; sourceTree = BUILT_PRODUCTS_DIR; };
		1D8EAB3B29B3B178008B6C82 /* main.cpp */ = {isa = PBXFileReference; lastKnownFileType = sourcecode.cpp.cpp; path = main.cpp; sourceTree = "<group>"; };
		1DB68B7C29B11D2500BD3C53 /* DSA_Practice_C++ */ = {isa = PBXFileReference; explicitFileType = "compiled.mach-o.executable"; includeInIndex = 0; path = "DSA_Practice_C++"; sourceTree = BUILT_PRODUCTS_DIR; };
		1DB68B7F29B11D2500BD3C53 /* main.cpp */ = {isa = PBXFileReference; lastKnownFileType = sourcecode.cpp.cpp; path = main.cpp; sourceTree = "<group>"; };
		1DB68B8A29B11DA800BD3C53 /* bubbleSort */ = {isa = PBXFileReference; explicitFileType = "compiled.mach-o.executable"; includeInIndex = 0; path = bubbleSort; sourceTree = BUILT_PRODUCTS_DIR; };
		1DB68B8C29B11DA800BD3C53 /* main.cpp */ = {isa = PBXFileReference; lastKnownFileType = sourcecode.cpp.cpp; path = main.cpp; sourceTree = "<group>"; };
/* End PBXFileReference section */

/* Begin PBXFrameworksBuildPhase section */
		1D057D7329B25F070008B295 /* Frameworks */ = {
			isa = PBXFrameworksBuildPhase;
			buildActionMask = 2147483647;
			files = (
			);
			runOnlyForDeploymentPostprocessing = 0;
		};
		1D8EAB3629B3B178008B6C82 /* Frameworks */ = {
			isa = PBXFrameworksBuildPhase;
			buildActionMask = 2147483647;
			files = (
			);
			runOnlyForDeploymentPostprocessing = 0;
		};
		1DB68B7929B11D2500BD3C53 /* Frameworks */ = {
			isa = PBXFrameworksBuildPhase;
			buildActionMask = 2147483647;
			files = (
			);
			runOnlyForDeploymentPostprocessing = 0;
		};
		1DB68B8729B11DA800BD3C53 /* Frameworks */ = {
			isa = PBXFrameworksBuildPhase;
			buildActionMask = 2147483647;
			files = (
			);
			runOnlyForDeploymentPostprocessing = 0;
		};
/* End PBXFrameworksBuildPhase section */

/* Begin PBXGroup section */
		1D057D7729B25F070008B295 /* insertionSort */ = {
			isa = PBXGroup;
			children = (
				1D057D7829B25F070008B295 /* main.cpp */,
			);
			path = insertionSort;
			sourceTree = "<group>";
		};
		1D8EAB3A29B3B178008B6C82 /* SelectionSort */ = {
			isa = PBXGroup;
			children = (
				1D8EAB3B29B3B178008B6C82 /* main.cpp */,
			);
			path = SelectionSort;
			sourceTree = "<group>";
		};
		1DB68B7329B11D2500BD3C53 = {
			isa = PBXGroup;
			children = (
				1DB68B7E29B11D2500BD3C53 /* DSA_Practice_C++ */,
				1DB68B8B29B11DA800BD3C53 /* bubbleSort */,
				1D057D7729B25F070008B295 /* insertionSort */,
				1D8EAB3A29B3B178008B6C82 /* SelectionSort */,
				1DB68B7D29B11D2500BD3C53 /* Products */,
			);
			sourceTree = "<group>";
		};
		1DB68B7D29B11D2500BD3C53 /* Products */ = {
			isa = PBXGroup;
			children = (
				1DB68B7C29B11D2500BD3C53 /* DSA_Practice_C++ */,
				1DB68B8A29B11DA800BD3C53 /* bubbleSort */,
				1D057D7629B25F070008B295 /* insertionSort */,
				1D8EAB3929B3B178008B6C82 /* SelectionSort */,
			);
			name = Products;
			sourceTree = "<group>";
		};
		1DB68B7E29B11D2500BD3C53 /* DSA_Practice_C++ */ = {
			isa = PBXGroup;
			children = (
				1DB68B7F29B11D2500BD3C53 /* main.cpp */,
			);
			path = "DSA_Practice_C++";
			sourceTree = "<group>";
		};
		1DB68B8B29B11DA800BD3C53 /* bubbleSort */ = {
			isa = PBXGroup;
			children = (
				1DB68B8C29B11DA800BD3C53 /* main.cpp */,
			);
			path = bubbleSort;
			sourceTree = "<group>";
		};
/* End PBXGroup section */

/* Begin PBXNativeTarget section */
		1D057D7529B25F070008B295 /* insertionSort */ = {
			isa = PBXNativeTarget;
			buildConfigurationList = 1D057D7C29B25F070008B295 /* Build configuration list for PBXNativeTarget "insertionSort" */;
			buildPhases = (
				1D057D7229B25F070008B295 /* Sources */,
				1D057D7329B25F070008B295 /* Frameworks */,
				1D057D7429B25F070008B295 /* CopyFiles */,
			);
			buildRules = (
			);
			dependencies = (
			);
			name = insertionSort;
			productName = insertionSort;
			productReference = 1D057D7629B25F070008B295 /* insertionSort */;
			productType = "com.apple.product-type.tool";
		};
		1D8EAB3829B3B178008B6C82 /* SelectionSort */ = {
			isa = PBXNativeTarget;
			buildConfigurationList = 1D8EAB3F29B3B178008B6C82 /* Build configuration list for PBXNativeTarget "SelectionSort" */;
			buildPhases = (
				1D8EAB3529B3B178008B6C82 /* Sources */,
				1D8EAB3629B3B178008B6C82 /* Frameworks */,
				1D8EAB3729B3B178008B6C82 /* CopyFiles */,
			);
			buildRules = (
			);
			dependencies = (
			);
			name = SelectionSort;
			productName = SelectionSort;
			productReference = 1D8EAB3929B3B178008B6C82 /* SelectionSort */;
			productType = "com.apple.product-type.tool";
		};
		1DB68B7B29B11D2500BD3C53 /* DSA_Practice_C++ */ = {
			isa = PBXNativeTarget;
			buildConfigurationList = 1DB68B8329B11D2500BD3C53 /* Build configuration list for PBXNativeTarget "DSA_Practice_C++" */;
			buildPhases = (
				1DB68B7829B11D2500BD3C53 /* Sources */,
				1DB68B7929B11D2500BD3C53 /* Frameworks */,
				1DB68B7A29B11D2500BD3C53 /* CopyFiles */,
			);
			buildRules = (
			);
			dependencies = (
			);
			name = "DSA_Practice_C++";
			productName = "DSA_Practice_C++";
			productReference = 1DB68B7C29B11D2500BD3C53 /* DSA_Practice_C++ */;
			productType = "com.apple.product-type.tool";
		};
		1DB68B8929B11DA800BD3C53 /* bubbleSort */ = {
			isa = PBXNativeTarget;
			buildConfigurationList = 1DB68B8E29B11DA800BD3C53 /* Build configuration list for PBXNativeTarget "bubbleSort" */;
			buildPhases = (
				1DB68B8629B11DA800BD3C53 /* Sources */,
				1DB68B8729B11DA800BD3C53 /* Frameworks */,
				1DB68B8829B11DA800BD3C53 /* CopyFiles */,
			);
			buildRules = (
			);
			dependencies = (
			);
			name = bubbleSort;
			productName = bubbleSort;
			productReference = 1DB68B8A29B11DA800BD3C53 /* bubbleSort */;
			productType = "com.apple.product-type.tool";
		};
/* End PBXNativeTarget section */

/* Begin PBXProject section */
		1DB68B7429B11D2500BD3C53 /* Project object */ = {
			isa = PBXProject;
			attributes = {
				BuildIndependentTargetsInParallel = 1;
				LastUpgradeCheck = 1420;
				TargetAttributes = {
					1D057D7529B25F070008B295 = {
						CreatedOnToolsVersion = 14.2;
					};
					1D8EAB3829B3B178008B6C82 = {
						CreatedOnToolsVersion = 14.2;
					};
					1DB68B7B29B11D2500BD3C53 = {
						CreatedOnToolsVersion = 14.2;
					};
					1DB68B8929B11DA800BD3C53 = {
						CreatedOnToolsVersion = 14.2;
					};
				};
			};
			buildConfigurationList = 1DB68B7729B11D2500BD3C53 /* Build configuration list for PBXProject "DSA_Practice_C++" */;
			compatibilityVersion = "Xcode 14.0";
			developmentRegion = en;
			hasScannedForEncodings = 0;
			knownRegions = (
				en,
				Base,
			);
			mainGroup = 1DB68B7329B11D2500BD3C53;
			productRefGroup = 1DB68B7D29B11D2500BD3C53 /* Products */;
			projectDirPath = "";
			projectRoot = "";
			targets = (
				1DB68B7B29B11D2500BD3C53 /* DSA_Practice_C++ */,
				1DB68B8929B11DA800BD3C53 /* bubbleSort */,
				1D057D7529B25F070008B295 /* insertionSort */,
				1D8EAB3829B3B178008B6C82 /* SelectionSort */,
			);
		};
/* End PBXProject section */

/* Begin PBXSourcesBuildPhase section */
		1D057D7229B25F070008B295 /* Sources */ = {
			isa = PBXSourcesBuildPhase;
			buildActionMask = 2147483647;
			files = (
				1D057D7929B25F070008B295 /* main.cpp in Sources */,
			);
			runOnlyForDeploymentPostprocessing = 0;
		};
		1D8EAB3529B3B178008B6C82 /* Sources */ = {
			isa = PBXSourcesBuildPhase;
			buildActionMask = 2147483647;
			files = (
				1D8EAB3C29B3B178008B6C82 /* main.cpp in Sources */,
			);
			runOnlyForDeploymentPostprocessing = 0;
		};
		1DB68B7829B11D2500BD3C53 /* Sources */ = {
			isa = PBXSourcesBuildPhase;
			buildActionMask = 2147483647;
			files = (
				1DB68B8029B11D2500BD3C53 /* main.cpp in Sources */,
			);
			runOnlyForDeploymentPostprocessing = 0;
		};
		1DB68B8629B11DA800BD3C53 /* Sources */ = {
			isa = PBXSourcesBuildPhase;
			buildActionMask = 2147483647;
			files = (
				1DB68B8D29B11DA800BD3C53 /* main.cpp in Sources */,
			);
			runOnlyForDeploymentPostprocessing = 0;
		};
/* End PBXSourcesBuildPhase section */

/* Begin XCBuildConfiguration section */
		1D057D7A29B25F070008B295 /* Debug */ = {
			isa = XCBuildConfiguration;
			buildSettings = {
				CODE_SIGN_STYLE = Automatic;
				DEVELOPMENT_TEAM = MN265947VB;
				ENABLE_HARDENED_RUNTIME = YES;
				PRODUCT_NAME = "$(TARGET_NAME)";
			};
			name = Debug;
		};
		1D057D7B29B25F070008B295 /* Release */ = {
			isa = XCBuildConfiguration;
			buildSettings = {
				CODE_SIGN_STYLE = Automatic;
				DEVELOPMENT_TEAM = MN265947VB;
				ENABLE_HARDENED_RUNTIME = YES;
				PRODUCT_NAME = "$(TARGET_NAME)";
			};
			name = Release;
		};
		1D8EAB3D29B3B178008B6C82 /* Debug */ = {
			isa = XCBuildConfiguration;
			buildSettings = {
				CODE_SIGN_STYLE = Automatic;
				DEVELOPMENT_TEAM = MN265947VB;
				ENABLE_HARDENED_RUNTIME = YES;
				PRODUCT_NAME = "$(TARGET_NAME)";
			};
			name = Debug;
		};
		1D8EAB3E29B3B178008B6C82 /* Release */ = {
			isa = XCBuildConfiguration;
			buildSettings = {
				CODE_SIGN_STYLE = Automatic;
				DEVELOPMENT_TEAM = MN265947VB;
				ENABLE_HARDENED_RUNTIME = YES;
				PRODUCT_NAME = "$(TARGET_NAME)";
			};
			name = Release;
		};
		1DB68B8129B11D2500BD3C53 /* Debug */ = {
			isa = XCBuildConfiguration;
			buildSettings = {
				ALWAYS_SEARCH_USER_PATHS = NO;
				CLANG_ANALYZER_NONNULL = YES;
				CLANG_ANALYZER_NUMBER_OBJECT_CONVERSION = YES_AGGRESSIVE;
				CLANG_CXX_LANGUAGE_STANDARD = "gnu++20";
				CLANG_ENABLE_MODULES = YES;
				CLANG_ENABLE_OBJC_ARC = YES;
				CLANG_ENABLE_OBJC_WEAK = YES;
				CLANG_WARN_BLOCK_CAPTURE_AUTORELEASING = YES;
				CLANG_WARN_BOOL_CONVERSION = YES;
				CLANG_WARN_COMMA = YES;
				CLANG_WARN_CONSTANT_CONVERSION = YES;
				CLANG_WARN_DEPRECATED_OBJC_IMPLEMENTATIONS = YES;
				CLANG_WARN_DIRECT_OBJC_ISA_USAGE = YES_ERROR;
				CLANG_WARN_DOCUMENTATION_COMMENTS = YES;
				CLANG_WARN_EMPTY_BODY = YES;
				CLANG_WARN_ENUM_CONVERSION = YES;
				CLANG_WARN_INFINITE_RECURSION = YES;
				CLANG_WARN_INT_CONVERSION = YES;
				CLANG_WARN_NON_LITERAL_NULL_CONVERSION = YES;
				CLANG_WARN_OBJC_IMPLICIT_RETAIN_SELF = YES;
				CLANG_WARN_OBJC_LITERAL_CONVERSION = YES;
				CLANG_WARN_OBJC_ROOT_CLASS = YES_ERROR;
				CLANG_WARN_QUOTED_INCLUDE_IN_FRAMEWORK_HEADER = YES;
				CLANG_WARN_RANGE_LOOP_ANALYSIS = YES;
				CLANG_WARN_STRICT_PROTOTYPES = YES;
				CLANG_WARN_SUSPICIOUS_MOVE = YES;
				CLANG_WARN_UNGUARDED_AVAILABILITY = YES_AGGRESSIVE;
				CLANG_WARN_UNREACHABLE_CODE = YES;
				CLANG_WARN__DUPLICATE_METHOD_MATCH = YES;
				COPY_PHASE_STRIP = NO;
				DEBUG_INFORMATION_FORMAT = dwarf;
				ENABLE_STRICT_OBJC_MSGSEND = YES;
				ENABLE_TESTABILITY = YES;
				GCC_C_LANGUAGE_STANDARD = gnu11;
				GCC_DYNAMIC_NO_PIC = NO;
				GCC_NO_COMMON_BLOCKS = YES;
				GCC_OPTIMIZATION_LEVEL = 0;
				GCC_PREPROCESSOR_DEFINITIONS = (
					"DEBUG=1",
					"$(inherited)",
				);
				GCC_WARN_64_TO_32_BIT_CONVERSION = YES;
				GCC_WARN_ABOUT_RETURN_TYPE = YES_ERROR;
				GCC_WARN_UNDECLARED_SELECTOR = YES;
				GCC_WARN_UNINITIALIZED_AUTOS = YES_AGGRESSIVE;
				GCC_WARN_UNUSED_FUNCTION = YES;
				GCC_WARN_UNUSED_VARIABLE = YES;
				MACOSX_DEPLOYMENT_TARGET = 13.1;
				MTL_ENABLE_DEBUG_INFO = INCLUDE_SOURCE;
				MTL_FAST_MATH = YES;
				ONLY_ACTIVE_ARCH = YES;
				SDKROOT = macosx;
			};
			name = Debug;
		};
		1DB68B8229B11D2500BD3C53 /* Release */ = {
			isa = XCBuildConfiguration;
			buildSettings = {
				ALWAYS_SEARCH_USER_PATHS = NO;
				CLANG_ANALYZER_NONNULL = YES;
				CLANG_ANALYZER_NUMBER_OBJECT_CONVERSION = YES_AGGRESSIVE;
				CLANG_CXX_LANGUAGE_STANDARD = "gnu++20";
				CLANG_ENABLE_MODULES = YES;
				CLANG_ENABLE_OBJC_ARC = YES;
				CLANG_ENABLE_OBJC_WEAK = YES;
				CLANG_WARN_BLOCK_CAPTURE_AUTORELEASING = YES;
				CLANG_WARN_BOOL_CONVERSION = YES;
				CLANG_WARN_COMMA = YES;
				CLANG_WARN_CONSTANT_CONVERSION = YES;
				CLANG_WARN_DEPRECATED_OBJC_IMPLEMENTATIONS = YES;
				CLANG_WARN_DIRECT_OBJC_ISA_USAGE = YES_ERROR;
				CLANG_WARN_DOCUMENTATION_COMMENTS = YES;
				CLANG_WARN_EMPTY_BODY = YES;
				CLANG_WARN_ENUM_CONVERSION = YES;
				CLANG_WARN_INFINITE_RECURSION = YES;
				CLANG_WARN_INT_CONVERSION = YES;
				CLANG_WARN_NON_LITERAL_NULL_CONVERSION = YES;
				CLANG_WARN_OBJC_IMPLICIT_RETAIN_SELF = YES;
				CLANG_WARN_OBJC_LITERAL_CONVERSION = YES;
				CLANG_WARN_OBJC_ROOT_CLASS = YES_ERROR;
				CLANG_WARN_QUOTED_INCLUDE_IN_FRAMEWORK_HEADER = YES;
				CLANG_WARN_RANGE_LOOP_ANALYSIS = YES;
				CLANG_WARN_STRICT_PROTOTYPES = YES;
				CLANG_WARN_SUSPICIOUS_MOVE = YES;
				CLANG_WARN_UNGUARDED_AVAILABILITY = YES_AGGRESSIVE;
				CLANG_WARN_UNREACHABLE_CODE = YES;
				CLANG_WARN__DUPLICATE_METHOD_MATCH = YES;
				COPY_PHASE_STRIP = NO;
				DEBUG_INFORMATION_FORMAT = "dwarf-with-dsym";
				ENABLE_NS_ASSERTIONS = NO;
				ENABLE_STRICT_OBJC_MSGSEND = YES;
				GCC_C_LANGUAGE_STANDARD = gnu11;
				GCC_NO_COMMON_BLOCKS = YES;
				GCC_WARN_64_TO_32_BIT_CONVERSION = YES;
				GCC_WARN_ABOUT_RETURN_TYPE = YES_ERROR;
				GCC_WARN_UNDECLARED_SELECTOR = YES;
				GCC_WARN_UNINITIALIZED_AUTOS = YES_AGGRESSIVE;
				GCC_WARN_UNUSED_FUNCTION = YES;
				GCC_WARN_UNUSED_VARIABLE = YES;
				MACOSX_DEPLOYMENT_TARGET = 13.1;
				MTL_ENABLE_DEBUG_INFO = NO;
				MTL_FAST_MATH = YES;
				SDKROOT = macosx;
			};
			name = Release;
		};
		1DB68B8429B11D2500BD3C53 /* Debug */ = {
			isa = XCBuildConfiguration;
			buildSettings = {
				CODE_SIGN_STYLE = Automatic;
				DEVELOPMENT_TEAM = MN265947VB;
				ENABLE_HARDENED_RUNTIME = YES;
				PRODUCT_NAME = "$(TARGET_NAME)";
			};
			name = Debug;
		};
		1DB68B8529B11D2500BD3C53 /* Release */ = {
			isa = XCBuildConfiguration;
			buildSettings = {
				CODE_SIGN_STYLE = Automatic;
				DEVELOPMENT_TEAM = MN265947VB;
				ENABLE_HARDENED_RUNTIME = YES;
				PRODUCT_NAME = "$(TARGET_NAME)";
			};
			name = Release;
		};
		1DB68B8F29B11DA800BD3C53 /* Debug */ = {
			isa = XCBuildConfiguration;
			buildSettings = {
				CODE_SIGN_STYLE = Automatic;
				DEVELOPMENT_TEAM = MN265947VB;
				ENABLE_HARDENED_RUNTIME = YES;
				PRODUCT_NAME = "$(TARGET_NAME)";
			};
			name = Debug;
		};
		1DB68B9029B11DA800BD3C53 /* Release */ = {
			isa = XCBuildConfiguration;
			buildSettings = {
				CODE_SIGN_STYLE = Automatic;
				DEVELOPMENT_TEAM = MN265947VB;
				ENABLE_HARDENED_RUNTIME = YES;
				PRODUCT_NAME = "$(TARGET_NAME)";
			};
			name = Release;
		};
/* End XCBuildConfiguration section */

/* Begin XCConfigurationList section */
		1D057D7C29B25F070008B295 /* Build configuration list for PBXNativeTarget "insertionSort" */ = {
			isa = XCConfigurationList;
			buildConfigurations = (
				1D057D7A29B25F070008B295 /* Debug */,
				1D057D7B29B25F070008B295 /* Release */,
			);
			defaultConfigurationIsVisible = 0;
			defaultConfigurationName = Release;
		};
		1D8EAB3F29B3B178008B6C82 /* Build configuration list for PBXNativeTarget "SelectionSort" */ = {
			isa = XCConfigurationList;
			buildConfigurations = (
				1D8EAB3D29B3B178008B6C82 /* Debug */,
				1D8EAB3E29B3B178008B6C82 /* Release */,
			);
			defaultConfigurationIsVisible = 0;
			defaultConfigurationName = Release;
		};
		1DB68B7729B11D2500BD3C53 /* Build configuration list for PBXProject "DSA_Practice_C++" */ = {
			isa = XCConfigurationList;
			buildConfigurations = (
				1DB68B8129B11D2500BD3C53 /* Debug */,
				1DB68B8229B11D2500BD3C53 /* Release */,
			);
			defaultConfigurationIsVisible = 0;
			defaultConfigurationName = Release;
		};
		1DB68B8329B11D2500BD3C53 /* Build configuration list for PBXNativeTarget "DSA_Practice_C++" */ = {
			isa = XCConfigurationList;
			buildConfigurations = (
				1DB68B8429B11D2500BD3C53 /* Debug */,
				1DB68B8529B11D2500BD3C53 /* Release */,
			);
			defaultConfigurationIsVisible = 0;
			defaultConfigurationName = Release;
		};
		1DB68B8E29B11DA800BD3C53 /* Build configuration list for PBXNativeTarget "bubbleSort" */ = {
			isa = XCConfigurationList;
			buildConfigurations = (
				1DB68B8F29B11DA800BD3C53 /* Debug */,
				1DB68B9029B11DA800BD3C53 /* Release */,
			);
			defaultConfigurationIsVisible = 0;
			defaultConfigurationName = Release;
		};
/* End XCConfigurationList section */
	};
	rootObject = 1DB68B7429B11D2500BD3C53 /* Project object */;
}
